
Microsoft Visual Studio Solution File, Format Version 12.00
# Visual Studio Version 17
VisualStudioVersion = 17.4.33103.184
MinimumVisualStudioVersion = 10.0.40219.1
Project("{FAE04EC0-301F-11D3-BF4B-00C04F79EFBC}") = "PFmyschool", "PFmyschool\PFmyschool.csproj", "{A11B216B-231B-40D9-9040-F8D615A28E47}"
EndProject
Global
	GlobalSection(SolutionConfigurationPlatforms) = preSolution
		Debug|Any CPU = Debug|Any CPU
		Release|Any CPU = Release|Any CPU
	EndGlobalSection
	GlobalSection(ProjectConfigurationPlatforms) = postSolution
		{A11B216B-231B-40D9-9040-F8D615A28E47}.Debug|Any CPU.ActiveCfg = Debug|Any CPU
		{A11B216B-231B-40D9-9040-F8D615A28E47}.Debug|Any CPU.Build.0 = Debug|Any CPU
		{A11B216B-231B-40D9-9040-F8D615A28E47}.Release|Any CPU.ActiveCfg = Release|Any CPU
		{A11B216B-231B-40D9-9040-F8D615A28E47}.Release|Any CPU.Build.0 = Release|Any CPU
	EndGlobalSection
	GlobalSection(SolutionProperties) = preSolution
		HideSolutionNode = FALSE
	EndGlobalSection
	GlobalSection(ExtensibilityGlobals) = postSolution
		SolutionGuid = {05A436AA-9970-49CD-9E46-597514DA2CCB}
	EndGlobalSection
EndGlobal
